
Microsoft Visual Studio Solution File, Format Version 12.00
# Visual Studio 15
Project("{FAE04EC0-301F-11D3-BF4B-00C04F79EFBC}") = "Posts.Replies.Infrastructure", "Posts.Replies.Infrastructure\Posts.Replies.Infrastructure.csproj", "{63278373-AD8F-486D-9B2D-34F0471C6949}"
EndProject
Project("{FAE04EC0-301F-11D3-BF4B-00C04F79EFBC}") = "Posts.Replies.Application", "Posts.Replies.Application\Posts.Replies.Application.csproj", "{693D7502-46D5-4F14-849B-A9B7DD84884F}"
EndProject
Project("{FAE04EC0-301F-11D3-BF4B-00C04F79EFBC}") = "Posts.Replies.Api", "Posts.Replies.Api\Posts.Replies.Api.csproj", "{9B205FD1-06FF-4FDE-8B39-DF61F3499C4F}"
EndProject
Global
	GlobalSection(SolutionConfigurationPlatforms) = preSolution
		Debug|Any CPU = Debug|Any CPU
		Release|Any CPU = Release|Any CPU
	EndGlobalSection
	GlobalSection(ProjectConfigurationPlatforms) = postSolution
		{63278373-AD8F-486D-9B2D-34F0471C6949}.Debug|Any CPU.ActiveCfg = Debug|Any CPU
		{63278373-AD8F-486D-9B2D-34F0471C6949}.Debug|Any CPU.Build.0 = Debug|Any CPU
		{63278373-AD8F-486D-9B2D-34F0471C6949}.Release|Any CPU.ActiveCfg = Release|Any CPU
		{63278373-AD8F-486D-9B2D-34F0471C6949}.Release|Any CPU.Build.0 = Release|Any CPU
		{693D7502-46D5-4F14-849B-A9B7DD84884F}.Debug|Any CPU.ActiveCfg = Debug|Any CPU
		{693D7502-46D5-4F14-849B-A9B7DD84884F}.Debug|Any CPU.Build.0 = Debug|Any CPU
		{693D7502-46D5-4F14-849B-A9B7DD84884F}.Release|Any CPU.ActiveCfg = Release|Any CPU
		{693D7502-46D5-4F14-849B-A9B7DD84884F}.Release|Any CPU.Build.0 = Release|Any CPU
		{9B205FD1-06FF-4FDE-8B39-DF61F3499C4F}.Debug|Any CPU.ActiveCfg = Debug|Any CPU
		{9B205FD1-06FF-4FDE-8B39-DF61F3499C4F}.Debug|Any CPU.Build.0 = Debug|Any CPU
		{9B205FD1-06FF-4FDE-8B39-DF61F3499C4F}.Release|Any CPU.ActiveCfg = Release|Any CPU
		{9B205FD1-06FF-4FDE-8B39-DF61F3499C4F}.Release|Any CPU.Build.0 = Release|Any CPU
	EndGlobalSection
EndGlobal
